
Microsoft Visual Studio Solution File, Format Version 12.00
# Visual Studio Version 16
VisualStudioVersion = 16.0.30011.22
MinimumVisualStudioVersion = 10.0.40219.1
Project("{FAE04EC0-301F-11D3-BF4B-00C04F79EFBC}") = "service_auto_web", "service_auto_web\service_auto_web.csproj", "{9571C989-D9B3-41A5-B366-838795F3278C}"
EndProject
Global
	GlobalSection(SolutionConfigurationPlatforms) = preSolution
		Debug|Any CPU = Debug|Any CPU
		Release|Any CPU = Release|Any CPU
	EndGlobalSection
	GlobalSection(ProjectConfigurationPlatforms) = postSolution
		{9571C989-D9B3-41A5-B366-838795F3278C}.Debug|Any CPU.ActiveCfg = Debug|Any CPU
		{9571C989-D9B3-41A5-B366-838795F3278C}.Debug|Any CPU.Build.0 = Debug|Any CPU
		{9571C989-D9B3-41A5-B366-838795F3278C}.Release|Any CPU.ActiveCfg = Release|Any CPU
		{9571C989-D9B3-41A5-B366-838795F3278C}.Release|Any CPU.Build.0 = Release|Any CPU
	EndGlobalSection
	GlobalSection(SolutionProperties) = preSolution
		HideSolutionNode = FALSE
	EndGlobalSection
	GlobalSection(ExtensibilityGlobals) = postSolution
		SolutionGuid = {BF45E08E-7554-4765-B062-C7EB61971AD3}
	EndGlobalSection
EndGlobal
